
Microsoft Visual Studio Solution File, Format Version 12.00
# Visual Studio Version 17
VisualStudioVersion = 17.2.32519.379
MinimumVisualStudioVersion = 10.0.40219.1
Project("{9A19103F-16F7-4668-BE54-9A1E7A4F7556}") = "GeometricShapes3", "GeometricShapes3\GeometricShapes3.csproj", "{35855F8B-7B6A-44A7-9A88-A08629D3AE0B}"
EndProject
Project("{FAE04EC0-301F-11D3-BF4B-00C04F79EFBC}") = "FiguresCore", "FiguresCore\FiguresCore.csproj", "{F6B0EE8D-8D68-4237-B4E2-915AF0696190}"
EndProject
Global
	GlobalSection(SolutionConfigurationPlatforms) = preSolution
		Debug|Any CPU = Debug|Any CPU
		Release|Any CPU = Release|Any CPU
	EndGlobalSection
	GlobalSection(ProjectConfigurationPlatforms) = postSolution
		{35855F8B-7B6A-44A7-9A88-A08629D3AE0B}.Debug|Any CPU.ActiveCfg = Debug|Any CPU
		{35855F8B-7B6A-44A7-9A88-A08629D3AE0B}.Debug|Any CPU.Build.0 = Debug|Any CPU
		{35855F8B-7B6A-44A7-9A88-A08629D3AE0B}.Release|Any CPU.ActiveCfg = Release|Any CPU
		{35855F8B-7B6A-44A7-9A88-A08629D3AE0B}.Release|Any CPU.Build.0 = Release|Any CPU
		{F6B0EE8D-8D68-4237-B4E2-915AF0696190}.Debug|Any CPU.ActiveCfg = Debug|Any CPU
		{F6B0EE8D-8D68-4237-B4E2-915AF0696190}.Debug|Any CPU.Build.0 = Debug|Any CPU
		{F6B0EE8D-8D68-4237-B4E2-915AF0696190}.Release|Any CPU.ActiveCfg = Release|Any CPU
		{F6B0EE8D-8D68-4237-B4E2-915AF0696190}.Release|Any CPU.Build.0 = Release|Any CPU
	EndGlobalSection
	GlobalSection(SolutionProperties) = preSolution
		HideSolutionNode = FALSE
	EndGlobalSection
	GlobalSection(ExtensibilityGlobals) = postSolution
		SolutionGuid = {8F092D3F-E4EB-4734-90CD-F103B7AE4953}
	EndGlobalSection
EndGlobal
